// !$*UTF8*$!
{
	archiveVersion = 1;
	classes = {
	};
	objectVersion = 56;
	objects = {

/* Begin PBXBuildFile section */
		00221DFA2C32804C008DC4F5 /* APButton.swift in Sources */ = {isa = PBXBuildFile; fileRef = 00221DF92C32804C008DC4F5 /* APButton.swift */; };
		00221DFC2C32817E008DC4F5 /* XDismissButton.swift in Sources */ = {isa = PBXBuildFile; fileRef = 00221DFB2C32817E008DC4F5 /* XDismissButton.swift */; };
		00221DFE2C346AA5008DC4F5 /* AccountViewModel.swift in Sources */ = {isa = PBXBuildFile; fileRef = 00221DFD2C346AA5008DC4F5 /* AccountViewModel.swift */; };
		00221E002C346CD1008DC4F5 /* String+Ext.swift in Sources */ = {isa = PBXBuildFile; fileRef = 00221DFF2C346CD1008DC4F5 /* String+Ext.swift */; };
		00221E022C35B57B008DC4F5 /* User.swift in Sources */ = {isa = PBXBuildFile; fileRef = 00221E012C35B57B008DC4F5 /* User.swift */; };
		0028D5AF2C1E12A400B539DB /* AppetizerDetailView.swift in Sources */ = {isa = PBXBuildFile; fileRef = 0028D5AE2C1E12A400B539DB /* AppetizerDetailView.swift */; };
		003070762C064081004E2C94 /* AppetizersApp.swift in Sources */ = {isa = PBXBuildFile; fileRef = 003070752C064081004E2C94 /* AppetizersApp.swift */; };
		003070782C064081004E2C94 /* AppetizerTabView.swift in Sources */ = {isa = PBXBuildFile; fileRef = 003070772C064081004E2C94 /* AppetizerTabView.swift */; };
		0030707A2C064084004E2C94 /* Assets.xcassets in Resources */ = {isa = PBXBuildFile; fileRef = 003070792C064084004E2C94 /* Assets.xcassets */; };
		0030707D2C064084004E2C94 /* Preview Assets.xcassets in Resources */ = {isa = PBXBuildFile; fileRef = 0030707C2C064084004E2C94 /* Preview Assets.xcassets */; };
		003070842C0641A2004E2C94 /* AppetizerListView.swift in Sources */ = {isa = PBXBuildFile; fileRef = 003070832C0641A2004E2C94 /* AppetizerListView.swift */; };
		003070862C0641BB004E2C94 /* AccountView.swift in Sources */ = {isa = PBXBuildFile; fileRef = 003070852C0641BB004E2C94 /* AccountView.swift */; };
		003070882C0641CF004E2C94 /* OrderView.swift in Sources */ = {isa = PBXBuildFile; fileRef = 003070872C0641CF004E2C94 /* OrderView.swift */; };
		0030708A2C0CCBF2004E2C94 /* Appetizer.swift in Sources */ = {isa = PBXBuildFile; fileRef = 003070892C0CCBF2004E2C94 /* Appetizer.swift */; };
		0030708C2C0D01CF004E2C94 /* AppetizerListCell.swift in Sources */ = {isa = PBXBuildFile; fileRef = 0030708B2C0D01CF004E2C94 /* AppetizerListCell.swift */; };
		0030708E2C0E28B9004E2C94 /* NetworkManager.swift in Sources */ = {isa = PBXBuildFile; fileRef = 0030708D2C0E28B9004E2C94 /* NetworkManager.swift */; };
		003070902C0E2AB8004E2C94 /* APError.swift in Sources */ = {isa = PBXBuildFile; fileRef = 0030708F2C0E2AB8004E2C94 /* APError.swift */; };
		003070922C0F8243004E2C94 /* AppetizerListViewModel.swift in Sources */ = {isa = PBXBuildFile; fileRef = 003070912C0F8243004E2C94 /* AppetizerListViewModel.swift */; };
		003070942C121EC4004E2C94 /* Alert.swift in Sources */ = {isa = PBXBuildFile; fileRef = 003070932C121EC4004E2C94 /* Alert.swift */; };
		003070962C137057004E2C94 /* LoadingView.swift in Sources */ = {isa = PBXBuildFile; fileRef = 003070952C137057004E2C94 /* LoadingView.swift */; };
		003070982C1371E1004E2C94 /* Color+Ext.swift in Sources */ = {isa = PBXBuildFile; fileRef = 003070972C1371E1004E2C94 /* Color+Ext.swift */; };
		0030709A2C18BB9B004E2C94 /* RemoteImage.swift in Sources */ = {isa = PBXBuildFile; fileRef = 003070992C18BB9B004E2C94 /* RemoteImage.swift */; };
/* End PBXBuildFile section */

/* Begin PBXFileReference section */
		00221DF92C32804C008DC4F5 /* APButton.swift */ = {isa = PBXFileReference; lastKnownFileType = sourcecode.swift; path = APButton.swift; sourceTree = "<group>"; };
		00221DFB2C32817E008DC4F5 /* XDismissButton.swift */ = {isa = PBXFileReference; lastKnownFileType = sourcecode.swift; path = XDismissButton.swift; sourceTree = "<group>"; };
		00221DFD2C346AA5008DC4F5 /* AccountViewModel.swift */ = {isa = PBXFileReference; lastKnownFileType = sourcecode.swift; path = AccountViewModel.swift; sourceTree = "<group>"; };
		00221DFF2C346CD1008DC4F5 /* String+Ext.swift */ = {isa = PBXFileReference; lastKnownFileType = sourcecode.swift; path = "String+Ext.swift"; sourceTree = "<group>"; };
		00221E012C35B57B008DC4F5 /* User.swift */ = {isa = PBXFileReference; lastKnownFileType = sourcecode.swift; path = User.swift; sourceTree = "<group>"; };
		0028D5AE2C1E12A400B539DB /* AppetizerDetailView.swift */ = {isa = PBXFileReference; lastKnownFileType = sourcecode.swift; path = AppetizerDetailView.swift; sourceTree = "<group>"; };
		003070722C064081004E2C94 /* Appetizers.app */ = {isa = PBXFileReference; explicitFileType = wrapper.application; includeInIndex = 0; path = Appetizers.app; sourceTree = BUILT_PRODUCTS_DIR; };
		003070752C064081004E2C94 /* AppetizersApp.swift */ = {isa = PBXFileReference; lastKnownFileType = sourcecode.swift; path = AppetizersApp.swift; sourceTree = "<group>"; };
		003070772C064081004E2C94 /* AppetizerTabView.swift */ = {isa = PBXFileReference; lastKnownFileType = sourcecode.swift; path = AppetizerTabView.swift; sourceTree = "<group>"; };
		003070792C064084004E2C94 /* Assets.xcassets */ = {isa = PBXFileReference; lastKnownFileType = folder.assetcatalog; path = Assets.xcassets; sourceTree = "<group>"; };
		0030707C2C064084004E2C94 /* Preview Assets.xcassets */ = {isa = PBXFileReference; lastKnownFileType = folder.assetcatalog; path = "Preview Assets.xcassets"; sourceTree = "<group>"; };
		003070832C0641A2004E2C94 /* AppetizerListView.swift */ = {isa = PBXFileReference; lastKnownFileType = sourcecode.swift; path = AppetizerListView.swift; sourceTree = "<group>"; };
		003070852C0641BB004E2C94 /* AccountView.swift */ = {isa = PBXFileReference; lastKnownFileType = sourcecode.swift; path = AccountView.swift; sourceTree = "<group>"; };
		003070872C0641CF004E2C94 /* OrderView.swift */ = {isa = PBXFileReference; lastKnownFileType = sourcecode.swift; path = OrderView.swift; sourceTree = "<group>"; };
		003070892C0CCBF2004E2C94 /* Appetizer.swift */ = {isa = PBXFileReference; lastKnownFileType = sourcecode.swift; path = Appetizer.swift; sourceTree = "<group>"; };
		0030708B2C0D01CF004E2C94 /* AppetizerListCell.swift */ = {isa = PBXFileReference; lastKnownFileType = sourcecode.swift; path = AppetizerListCell.swift; sourceTree = "<group>"; };
		0030708D2C0E28B9004E2C94 /* NetworkManager.swift */ = {isa = PBXFileReference; lastKnownFileType = sourcecode.swift; path = NetworkManager.swift; sourceTree = "<group>"; };
		0030708F2C0E2AB8004E2C94 /* APError.swift */ = {isa = PBXFileReference; lastKnownFileType = sourcecode.swift; path = APError.swift; sourceTree = "<group>"; };
		003070912C0F8243004E2C94 /* AppetizerListViewModel.swift */ = {isa = PBXFileReference; lastKnownFileType = sourcecode.swift; path = AppetizerListViewModel.swift; sourceTree = "<group>"; };
		003070932C121EC4004E2C94 /* Alert.swift */ = {isa = PBXFileReference; lastKnownFileType = sourcecode.swift; path = Alert.swift; sourceTree = "<group>"; };
		003070952C137057004E2C94 /* LoadingView.swift */ = {isa = PBXFileReference; lastKnownFileType = sourcecode.swift; path = LoadingView.swift; sourceTree = "<group>"; };
		003070972C1371E1004E2C94 /* Color+Ext.swift */ = {isa = PBXFileReference; lastKnownFileType = sourcecode.swift; path = "Color+Ext.swift"; sourceTree = "<group>"; };
		003070992C18BB9B004E2C94 /* RemoteImage.swift */ = {isa = PBXFileReference; lastKnownFileType = sourcecode.swift; path = RemoteImage.swift; sourceTree = "<group>"; };
/* End PBXFileReference section */

/* Begin PBXFrameworksBuildPhase section */
		0030706F2C064081004E2C94 /* Frameworks */ = {
			isa = PBXFrameworksBuildPhase;
			buildActionMask = 2147483647;
			files = (
			);
			runOnlyForDeploymentPostprocessing = 0;
		};
/* End PBXFrameworksBuildPhase section */

/* Begin PBXGroup section */
		00221DF82C328025008DC4F5 /* Buttons */ = {
			isa = PBXGroup;
			children = (
				00221DF92C32804C008DC4F5 /* APButton.swift */,
				00221DFB2C32817E008DC4F5 /* XDismissButton.swift */,
			);
			path = Buttons;
			sourceTree = "<group>";
		};
		0028D5A02C1C15D100B539DB /* Screens */ = {
			isa = PBXGroup;
			children = (
				003070772C064081004E2C94 /* AppetizerTabView.swift */,
				0028D5A12C1C15EE00B539DB /* AppetizerListView */,
				0028D5A22C1C160600B539DB /* AccouuntView */,
				0028D5A32C1C161D00B539DB /* OrderView */,
			);
			path = Screens;
			sourceTree = "<group>";
		};
		0028D5A12C1C15EE00B539DB /* AppetizerListView */ = {
			isa = PBXGroup;
			children = (
				003070912C0F8243004E2C94 /* AppetizerListViewModel.swift */,
				003070832C0641A2004E2C94 /* AppetizerListView.swift */,
				0028D5AE2C1E12A400B539DB /* AppetizerDetailView.swift */,
			);
			path = AppetizerListView;
			sourceTree = "<group>";
		};
		0028D5A22C1C160600B539DB /* AccouuntView */ = {
			isa = PBXGroup;
			children = (
				00221DFD2C346AA5008DC4F5 /* AccountViewModel.swift */,
				003070852C0641BB004E2C94 /* AccountView.swift */,
			);
			path = AccouuntView;
			sourceTree = "<group>";
		};
		0028D5A32C1C161D00B539DB /* OrderView */ = {
			isa = PBXGroup;
			children = (
				003070872C0641CF004E2C94 /* OrderView.swift */,
			);
			path = OrderView;
			sourceTree = "<group>";
		};
		0028D5A52C1C169900B539DB /* Utilities */ = {
			isa = PBXGroup;
			children = (
				0028D5A82C1C16E700B539DB /* Alerts */,
				0028D5A72C1C16C100B539DB /* Extensions */,
				0028D5A62C1C16AA00B539DB /* Managers */,
			);
			path = Utilities;
			sourceTree = "<group>";
		};
		0028D5A62C1C16AA00B539DB /* Managers */ = {
			isa = PBXGroup;
			children = (
				0030708D2C0E28B9004E2C94 /* NetworkManager.swift */,
			);
			path = Managers;
			sourceTree = "<group>";
		};
		0028D5A72C1C16C100B539DB /* Extensions */ = {
			isa = PBXGroup;
			children = (
				003070972C1371E1004E2C94 /* Color+Ext.swift */,
				00221DFF2C346CD1008DC4F5 /* String+Ext.swift */,
			);
			path = Extensions;
			sourceTree = "<group>";
		};
		0028D5A82C1C16E700B539DB /* Alerts */ = {
			isa = PBXGroup;
			children = (
				0030708F2C0E2AB8004E2C94 /* APError.swift */,
				003070932C121EC4004E2C94 /* Alert.swift */,
			);
			path = Alerts;
			sourceTree = "<group>";
		};
		0028D5A92C1C171800B539DB /* Model */ = {
			isa = PBXGroup;
			children = (
				003070892C0CCBF2004E2C94 /* Appetizer.swift */,
				00221E012C35B57B008DC4F5 /* User.swift */,
			);
			path = Model;
			sourceTree = "<group>";
		};
		0028D5AA2C1C174600B539DB /* Views */ = {
			isa = PBXGroup;
			children = (
				00221DF82C328025008DC4F5 /* Buttons */,
				0028D5AD2C1C177400B539DB /* Image */,
				0028D5AC2C1C176600B539DB /* Cells */,
				0028D5AB2C1C175300B539DB /* UIKitComponents */,
			);
			path = Views;
			sourceTree = "<group>";
		};
		0028D5AB2C1C175300B539DB /* UIKitComponents */ = {
			isa = PBXGroup;
			children = (
				003070952C137057004E2C94 /* LoadingView.swift */,
			);
			path = UIKitComponents;
			sourceTree = "<group>";
		};
		0028D5AC2C1C176600B539DB /* Cells */ = {
			isa = PBXGroup;
			children = (
				0030708B2C0D01CF004E2C94 /* AppetizerListCell.swift */,
			);
			path = Cells;
			sourceTree = "<group>";
		};
		0028D5AD2C1C177400B539DB /* Image */ = {
			isa = PBXGroup;
			children = (
				003070992C18BB9B004E2C94 /* RemoteImage.swift */,
			);
			path = Image;
			sourceTree = "<group>";
		};
		003070692C064081004E2C94 = {
			isa = PBXGroup;
			children = (
				003070742C064081004E2C94 /* Appetizers */,
				003070732C064081004E2C94 /* Products */,
			);
			sourceTree = "<group>";
		};
		003070732C064081004E2C94 /* Products */ = {
			isa = PBXGroup;
			children = (
				003070722C064081004E2C94 /* Appetizers.app */,
			);
			name = Products;
			sourceTree = "<group>";
		};
		003070742C064081004E2C94 /* Appetizers */ = {
			isa = PBXGroup;
			children = (
				0028D5AA2C1C174600B539DB /* Views */,
				0028D5A92C1C171800B539DB /* Model */,
				0028D5A52C1C169900B539DB /* Utilities */,
				0028D5A02C1C15D100B539DB /* Screens */,
				003070752C064081004E2C94 /* AppetizersApp.swift */,
				003070792C064084004E2C94 /* Assets.xcassets */,
				0030707B2C064084004E2C94 /* Preview Content */,
			);
			path = Appetizers;
			sourceTree = "<group>";
		};
		0030707B2C064084004E2C94 /* Preview Content */ = {
			isa = PBXGroup;
			children = (
				0030707C2C064084004E2C94 /* Preview Assets.xcassets */,
			);
			path = "Preview Content";
			sourceTree = "<group>";
		};
/* End PBXGroup section */

/* Begin PBXNativeTarget section */
		003070712C064081004E2C94 /* Appetizers */ = {
			isa = PBXNativeTarget;
			buildConfigurationList = 003070802C064084004E2C94 /* Build configuration list for PBXNativeTarget "Appetizers" */;
			buildPhases = (
				0030706E2C064081004E2C94 /* Sources */,
				0030706F2C064081004E2C94 /* Frameworks */,
				003070702C064081004E2C94 /* Resources */,
			);
			buildRules = (
			);
			dependencies = (
			);
			name = Appetizers;
			productName = Appetizers;
			productReference = 003070722C064081004E2C94 /* Appetizers.app */;
			productType = "com.apple.product-type.application";
		};
/* End PBXNativeTarget section */

/* Begin PBXProject section */
		0030706A2C064081004E2C94 /* Project object */ = {
			isa = PBXProject;
			attributes = {
				BuildIndependentTargetsInParallel = 1;
				LastSwiftUpdateCheck = 1540;
				LastUpgradeCheck = 1540;
				TargetAttributes = {
					003070712C064081004E2C94 = {
						CreatedOnToolsVersion = 15.4;
					};
				};
			};
			buildConfigurationList = 0030706D2C064081004E2C94 /* Build configuration list for PBXProject "Appetizers" */;
			compatibilityVersion = "Xcode 14.0";
			developmentRegion = en;
			hasScannedForEncodings = 0;
			knownRegions = (
				en,
				Base,
			);
			mainGroup = 003070692C064081004E2C94;
			productRefGroup = 003070732C064081004E2C94 /* Products */;
			projectDirPath = "";
			projectRoot = "";
			targets = (
				003070712C064081004E2C94 /* Appetizers */,
			);
		};
/* End PBXProject section */

/* Begin PBXResourcesBuildPhase section */
		003070702C064081004E2C94 /* Resources */ = {
			isa = PBXResourcesBuildPhase;
			buildActionMask = 2147483647;
			files = (
				0030707D2C064084004E2C94 /* Preview Assets.xcassets in Resources */,
				0030707A2C064084004E2C94 /* Assets.xcassets in Resources */,
			);
			runOnlyForDeploymentPostprocessing = 0;
		};
/* End PBXResourcesBuildPhase section */

/* Begin PBXSourcesBuildPhase section */
		0030706E2C064081004E2C94 /* Sources */ = {
			isa = PBXSourcesBuildPhase;
			buildActionMask = 2147483647;
			files = (
				0030708A2C0CCBF2004E2C94 /* Appetizer.swift in Sources */,
				003070902C0E2AB8004E2C94 /* APError.swift in Sources */,
				00221DFC2C32817E008DC4F5 /* XDismissButton.swift in Sources */,
				0030708C2C0D01CF004E2C94 /* AppetizerListCell.swift in Sources */,
				00221DFE2C346AA5008DC4F5 /* AccountViewModel.swift in Sources */,
				003070922C0F8243004E2C94 /* AppetizerListViewModel.swift in Sources */,
				003070982C1371E1004E2C94 /* Color+Ext.swift in Sources */,
				003070862C0641BB004E2C94 /* AccountView.swift in Sources */,
				00221E022C35B57B008DC4F5 /* User.swift in Sources */,
				00221DFA2C32804C008DC4F5 /* APButton.swift in Sources */,
				003070962C137057004E2C94 /* LoadingView.swift in Sources */,
				003070782C064081004E2C94 /* AppetizerTabView.swift in Sources */,
				0030708E2C0E28B9004E2C94 /* NetworkManager.swift in Sources */,
				0030709A2C18BB9B004E2C94 /* RemoteImage.swift in Sources */,
				00221E002C346CD1008DC4F5 /* String+Ext.swift in Sources */,
				0028D5AF2C1E12A400B539DB /* AppetizerDetailView.swift in Sources */,
				003070762C064081004E2C94 /* AppetizersApp.swift in Sources */,
				003070942C121EC4004E2C94 /* Alert.swift in Sources */,
				003070842C0641A2004E2C94 /* AppetizerListView.swift in Sources */,
				003070882C0641CF004E2C94 /* OrderView.swift in Sources */,
			);
			runOnlyForDeploymentPostprocessing = 0;
		};
/* End PBXSourcesBuildPhase section */

/* Begin XCBuildConfiguration section */
		0030707E2C064084004E2C94 /* Debug */ = {
			isa = XCBuildConfiguration;
			buildSettings = {
				ALWAYS_SEARCH_USER_PATHS = NO;
				ASSETCATALOG_COMPILER_GENERATE_SWIFT_ASSET_SYMBOL_EXTENSIONS = YES;
				CLANG_ANALYZER_NONNULL = YES;
				CLANG_ANALYZER_NUMBER_OBJECT_CONVERSION = YES_AGGRESSIVE;
				CLANG_CXX_LANGUAGE_STANDARD = "gnu++20";
				CLANG_ENABLE_MODULES = YES;
				CLANG_ENABLE_OBJC_ARC = YES;
				CLANG_ENABLE_OBJC_WEAK = YES;
				CLANG_WARN_BLOCK_CAPTURE_AUTORELEASING = YES;
				CLANG_WARN_BOOL_CONVERSION = YES;
				CLANG_WARN_COMMA = YES;
				CLANG_WARN_CONSTANT_CONVERSION = YES;
				CLANG_WARN_DEPRECATED_OBJC_IMPLEMENTATIONS = YES;
				CLANG_WARN_DIRECT_OBJC_ISA_USAGE = YES_ERROR;
				CLANG_WARN_DOCUMENTATION_COMMENTS = YES;
				CLANG_WARN_EMPTY_BODY = YES;
				CLANG_WARN_ENUM_CONVERSION = YES;
				CLANG_WARN_INFINITE_RECURSION = YES;
				CLANG_WARN_INT_CONVERSION = YES;
				CLANG_WARN_NON_LITERAL_NULL_CONVERSION = YES;
				CLANG_WARN_OBJC_IMPLICIT_RETAIN_SELF = YES;
				CLANG_WARN_OBJC_LITERAL_CONVERSION = YES;
				CLANG_WARN_OBJC_ROOT_CLASS = YES_ERROR;
				CLANG_WARN_QUOTED_INCLUDE_IN_FRAMEWORK_HEADER = YES;
				CLANG_WARN_RANGE_LOOP_ANALYSIS = YES;
				CLANG_WARN_STRICT_PROTOTYPES = YES;
				CLANG_WARN_SUSPICIOUS_MOVE = YES;
				CLANG_WARN_UNGUARDED_AVAILABILITY = YES_AGGRESSIVE;
				CLANG_WARN_UNREACHABLE_CODE = YES;
				CLANG_WARN__DUPLICATE_METHOD_MATCH = YES;
				COPY_PHASE_STRIP = NO;
				DEBUG_INFORMATION_FORMAT = dwarf;
				ENABLE_STRICT_OBJC_MSGSEND = YES;
				ENABLE_TESTABILITY = YES;
				ENABLE_USER_SCRIPT_SANDBOXING = YES;
				GCC_C_LANGUAGE_STANDARD = gnu17;
				GCC_DYNAMIC_NO_PIC = NO;
				GCC_NO_COMMON_BLOCKS = YES;
				GCC_OPTIMIZATION_LEVEL = 0;
				GCC_PREPROCESSOR_DEFINITIONS = (
					"DEBUG=1",
					"$(inherited)",
				);
				GCC_WARN_64_TO_32_BIT_CONVERSION = YES;
				GCC_WARN_ABOUT_RETURN_TYPE = YES_ERROR;
				GCC_WARN_UNDECLARED_SELECTOR = YES;
				GCC_WARN_UNINITIALIZED_AUTOS = YES_AGGRESSIVE;
				GCC_WARN_UNUSED_FUNCTION = YES;
				GCC_WARN_UNUSED_VARIABLE = YES;
				IPHONEOS_DEPLOYMENT_TARGET = 17.5;
				LOCALIZATION_PREFERS_STRING_CATALOGS = YES;
				MTL_ENABLE_DEBUG_INFO = INCLUDE_SOURCE;
				MTL_FAST_MATH = YES;
				ONLY_ACTIVE_ARCH = YES;
				SDKROOT = iphoneos;
				SWIFT_ACTIVE_COMPILATION_CONDITIONS = "DEBUG $(inherited)";
				SWIFT_OPTIMIZATION_LEVEL = "-Onone";
			};
			name = Debug;
		};
		0030707F2C064084004E2C94 /* Release */ = {
			isa = XCBuildConfiguration;
			buildSettings = {
				ALWAYS_SEARCH_USER_PATHS = NO;
				ASSETCATALOG_COMPILER_GENERATE_SWIFT_ASSET_SYMBOL_EXTENSIONS = YES;
				CLANG_ANALYZER_NONNULL = YES;
				CLANG_ANALYZER_NUMBER_OBJECT_CONVERSION = YES_AGGRESSIVE;
				CLANG_CXX_LANGUAGE_STANDARD = "gnu++20";
				CLANG_ENABLE_MODULES = YES;
				CLANG_ENABLE_OBJC_ARC = YES;
				CLANG_ENABLE_OBJC_WEAK = YES;
				CLANG_WARN_BLOCK_CAPTURE_AUTORELEASING = YES;
				CLANG_WARN_BOOL_CONVERSION = YES;
				CLANG_WARN_COMMA = YES;
				CLANG_WARN_CONSTANT_CONVERSION = YES;
				CLANG_WARN_DEPRECATED_OBJC_IMPLEMENTATIONS = YES;
				CLANG_WARN_DIRECT_OBJC_ISA_USAGE = YES_ERROR;
				CLANG_WARN_DOCUMENTATION_COMMENTS = YES;
				CLANG_WARN_EMPTY_BODY = YES;
				CLANG_WARN_ENUM_CONVERSION = YES;
				CLANG_WARN_INFINITE_RECURSION = YES;
				CLANG_WARN_INT_CONVERSION = YES;
				CLANG_WARN_NON_LITERAL_NULL_CONVERSION = YES;
				CLANG_WARN_OBJC_IMPLICIT_RETAIN_SELF = YES;
				CLANG_WARN_OBJC_LITERAL_CONVERSION = YES;
				CLANG_WARN_OBJC_ROOT_CLASS = YES_ERROR;
				CLANG_WARN_QUOTED_INCLUDE_IN_FRAMEWORK_HEADER = YES;
				CLANG_WARN_RANGE_LOOP_ANALYSIS = YES;
				CLANG_WARN_STRICT_PROTOTYPES = YES;
				CLANG_WARN_SUSPICIOUS_MOVE = YES;
				CLANG_WARN_UNGUARDED_AVAILABILITY = YES_AGGRESSIVE;
				CLANG_WARN_UNREACHABLE_CODE = YES;
				CLANG_WARN__DUPLICATE_METHOD_MATCH = YES;
				COPY_PHASE_STRIP = NO;
				DEBUG_INFORMATION_FORMAT = "dwarf-with-dsym";
				ENABLE_NS_ASSERTIONS = NO;
				ENABLE_STRICT_OBJC_MSGSEND = YES;
				ENABLE_USER_SCRIPT_SANDBOXING = YES;
				GCC_C_LANGUAGE_STANDARD = gnu17;
				GCC_NO_COMMON_BLOCKS = YES;
				GCC_WARN_64_TO_32_BIT_CONVERSION = YES;
				GCC_WARN_ABOUT_RETURN_TYPE = YES_ERROR;
				GCC_WARN_UNDECLARED_SELECTOR = YES;
				GCC_WARN_UNINITIALIZED_AUTOS = YES_AGGRESSIVE;
				GCC_WARN_UNUSED_FUNCTION = YES;
				GCC_WARN_UNUSED_VARIABLE = YES;
				IPHONEOS_DEPLOYMENT_TARGET = 17.5;
				LOCALIZATION_PREFERS_STRING_CATALOGS = YES;
				MTL_ENABLE_DEBUG_INFO = NO;
				MTL_FAST_MATH = YES;
				SDKROOT = iphoneos;
				SWIFT_COMPILATION_MODE = wholemodule;
				VALIDATE_PRODUCT = YES;
			};
			name = Release;
		};
		003070812C064084004E2C94 /* Debug */ = {
			isa = XCBuildConfiguration;
			buildSettings = {
				ASSETCATALOG_COMPILER_APPICON_NAME = AppIcon;
				ASSETCATALOG_COMPILER_GLOBAL_ACCENT_COLOR_NAME = AccentColor;
				CODE_SIGN_STYLE = Automatic;
				CURRENT_PROJECT_VERSION = 1;
				DEVELOPMENT_ASSET_PATHS = "\"Appetizers/Preview Content\"";
				ENABLE_PREVIEWS = YES;
				GENERATE_INFOPLIST_FILE = YES;
				INFOPLIST_KEY_UIApplicationSceneManifest_Generation = YES;
				INFOPLIST_KEY_UIApplicationSupportsIndirectInputEvents = YES;
				INFOPLIST_KEY_UILaunchScreen_Generation = YES;
				INFOPLIST_KEY_UISupportedInterfaceOrientations_iPad = "UIInterfaceOrientationPortrait UIInterfaceOrientationPortraitUpsideDown UIInterfaceOrientationLandscapeLeft UIInterfaceOrientationLandscapeRight";
				INFOPLIST_KEY_UISupportedInterfaceOrientations_iPhone = "UIInterfaceOrientationPortrait UIInterfaceOrientationLandscapeLeft UIInterfaceOrientationLandscapeRight";
				LD_RUNPATH_SEARCH_PATHS = (
					"$(inherited)",
					"@executable_path/Frameworks",
				);
				MARKETING_VERSION = 1.0;
				PRODUCT_BUNDLE_IDENTIFIER = FilGudInc.Appetizers;
				PRODUCT_NAME = "$(TARGET_NAME)";
				SWIFT_EMIT_LOC_STRINGS = YES;
				SWIFT_VERSION = 5.0;
				TARGETED_DEVICE_FAMILY = "1,2";
			};
			name = Debug;
		};
		003070822C064084004E2C94 /* Release */ = {
			isa = XCBuildConfiguration;
			buildSettings = {
				ASSETCATALOG_COMPILER_APPICON_NAME = AppIcon;
				ASSETCATALOG_COMPILER_GLOBAL_ACCENT_COLOR_NAME = AccentColor;
				CODE_SIGN_STYLE = Automatic;
				CURRENT_PROJECT_VERSION = 1;
				DEVELOPMENT_ASSET_PATHS = "\"Appetizers/Preview Content\"";
				ENABLE_PREVIEWS = YES;
				GENERATE_INFOPLIST_FILE = YES;
				INFOPLIST_KEY_UIApplicationSceneManifest_Generation = YES;
				INFOPLIST_KEY_UIApplicationSupportsIndirectInputEvents = YES;
				INFOPLIST_KEY_UILaunchScreen_Generation = YES;
				INFOPLIST_KEY_UISupportedInterfaceOrientations_iPad = "UIInterfaceOrientationPortrait UIInterfaceOrientationPortraitUpsideDown UIInterfaceOrientationLandscapeLeft UIInterfaceOrientationLandscapeRight";
				INFOPLIST_KEY_UISupportedInterfaceOrientations_iPhone = "UIInterfaceOrientationPortrait UIInterfaceOrientationLandscapeLeft UIInterfaceOrientationLandscapeRight";
				LD_RUNPATH_SEARCH_PATHS = (
					"$(inherited)",
					"@executable_path/Frameworks",
				);
				MARKETING_VERSION = 1.0;
				PRODUCT_BUNDLE_IDENTIFIER = FilGudInc.Appetizers;
				PRODUCT_NAME = "$(TARGET_NAME)";
				SWIFT_EMIT_LOC_STRINGS = YES;
				SWIFT_VERSION = 5.0;
				TARGETED_DEVICE_FAMILY = "1,2";
			};
			name = Release;
		};
/* End XCBuildConfiguration section */

/* Begin XCConfigurationList section */
		0030706D2C064081004E2C94 /* Build configuration list for PBXProject "Appetizers" */ = {
			isa = XCConfigurationList;
			buildConfigurations = (
				0030707E2C064084004E2C94 /* Debug */,
				0030707F2C064084004E2C94 /* Release */,
			);
			defaultConfigurationIsVisible = 0;
			defaultConfigurationName = Release;
		};
		003070802C064084004E2C94 /* Build configuration list for PBXNativeTarget "Appetizers" */ = {
			isa = XCConfigurationList;
			buildConfigurations = (
				003070812C064084004E2C94 /* Debug */,
				003070822C064084004E2C94 /* Release */,
			);
			defaultConfigurationIsVisible = 0;
			defaultConfigurationName = Release;
		};
/* End XCConfigurationList section */
	};
	rootObject = 0030706A2C064081004E2C94 /* Project object */;
}
